
Microsoft Visual Studio Solution File, Format Version 12.00
# Visual Studio Version 16
VisualStudioVersion = 16.0.30804.86
MinimumVisualStudioVersion = 10.0.40219.1
Project("{FAE04EC0-301F-11D3-BF4B-00C04F79EFBC}") = "ImageManager.MVC", "ImageManager.MVC\ImageManager.MVC.csproj", "{3F12591A-1207-4D68-B07F-B18DA3F1349F}"
EndProject
Global
	GlobalSection(SolutionConfigurationPlatforms) = preSolution
		Debug|Any CPU = Debug|Any CPU
		Release|Any CPU = Release|Any CPU
	EndGlobalSection
	GlobalSection(ProjectConfigurationPlatforms) = postSolution
		{3F12591A-1207-4D68-B07F-B18DA3F1349F}.Debug|Any CPU.ActiveCfg = Debug|Any CPU
		{3F12591A-1207-4D68-B07F-B18DA3F1349F}.Debug|Any CPU.Build.0 = Debug|Any CPU
		{3F12591A-1207-4D68-B07F-B18DA3F1349F}.Release|Any CPU.ActiveCfg = Release|Any CPU
		{3F12591A-1207-4D68-B07F-B18DA3F1349F}.Release|Any CPU.Build.0 = Release|Any CPU
	EndGlobalSection
	GlobalSection(SolutionProperties) = preSolution
		HideSolutionNode = FALSE
	EndGlobalSection
	GlobalSection(ExtensibilityGlobals) = postSolution
		SolutionGuid = {944B28C4-4EB4-4410-94CB-EA4051A91F4E}
	EndGlobalSection
EndGlobal
